
Microsoft Visual Studio Solution File, Format Version 12.00
# Visual Studio 15
VisualStudioVersion = 15.0.27130.2027
MinimumVisualStudioVersion = 10.0.40219.1
Project("{FAE04EC0-301F-11D3-BF4B-00C04F79EFBC}") = "FluentNHibernateDemo", "FluentNHibernateDemo\FluentNHibernateDemo.csproj", "{866AA9D5-8FBE-4A32-96CF-EDD6732ED2DE}"
EndProject
Global
	GlobalSection(SolutionConfigurationPlatforms) = preSolution
		Debug|Any CPU = Debug|Any CPU
		Release|Any CPU = Release|Any CPU
	EndGlobalSection
	GlobalSection(ProjectConfigurationPlatforms) = postSolution
		{866AA9D5-8FBE-4A32-96CF-EDD6732ED2DE}.Debug|Any CPU.ActiveCfg = Debug|Any CPU
		{866AA9D5-8FBE-4A32-96CF-EDD6732ED2DE}.Debug|Any CPU.Build.0 = Debug|Any CPU
		{866AA9D5-8FBE-4A32-96CF-EDD6732ED2DE}.Release|Any CPU.ActiveCfg = Release|Any CPU
		{866AA9D5-8FBE-4A32-96CF-EDD6732ED2DE}.Release|Any CPU.Build.0 = Release|Any CPU
	EndGlobalSection
	GlobalSection(SolutionProperties) = preSolution
		HideSolutionNode = FALSE
	EndGlobalSection
	GlobalSection(ExtensibilityGlobals) = postSolution
		SolutionGuid = {51BF44DE-31E8-4215-B3E7-09C649A526D1}
	EndGlobalSection
EndGlobal
